
Microsoft Visual Studio Solution File, Format Version 12.00
# Visual Studio Version 17
VisualStudioVersion = 17.8.34525.116
MinimumVisualStudioVersion = 10.0.40219.1
Project("{FAE04EC0-301F-11D3-BF4B-00C04F79EFBC}") = "mojPrviZadatak", "mojPrviZadatak\mojPrviZadatak.csproj", "{772A29E9-4CF5-4EAA-A52E-FDAE19F42BEB}"
EndProject
Global
	GlobalSection(SolutionConfigurationPlatforms) = preSolution
		Debug|Any CPU = Debug|Any CPU
		Release|Any CPU = Release|Any CPU
	EndGlobalSection
	GlobalSection(ProjectConfigurationPlatforms) = postSolution
		{772A29E9-4CF5-4EAA-A52E-FDAE19F42BEB}.Debug|Any CPU.ActiveCfg = Debug|Any CPU
		{772A29E9-4CF5-4EAA-A52E-FDAE19F42BEB}.Debug|Any CPU.Build.0 = Debug|Any CPU
		{772A29E9-4CF5-4EAA-A52E-FDAE19F42BEB}.Release|Any CPU.ActiveCfg = Release|Any CPU
		{772A29E9-4CF5-4EAA-A52E-FDAE19F42BEB}.Release|Any CPU.Build.0 = Release|Any CPU
	EndGlobalSection
	GlobalSection(SolutionProperties) = preSolution
		HideSolutionNode = FALSE
	EndGlobalSection
	GlobalSection(ExtensibilityGlobals) = postSolution
		SolutionGuid = {C39BBFA3-5FCC-41B7-86AF-9BAA8D792F31}
	EndGlobalSection
EndGlobal
